
Microsoft Visual Studio Solution File, Format Version 12.00
# Visual Studio Version 16
VisualStudioVersion = 16.0.31402.337
MinimumVisualStudioVersion = 10.0.40219.1
Project("{FAE04EC0-301F-11D3-BF4B-00C04F79EFBC}") = "1Esercizio Ereditarietà", "1Esercizio Ereditarietà.csproj", "{580CCA41-41F4-4801-9D2F-42E3E513E584}"
EndProject
Global
	GlobalSection(SolutionConfigurationPlatforms) = preSolution
		Debug|Any CPU = Debug|Any CPU
		Release|Any CPU = Release|Any CPU
	EndGlobalSection
	GlobalSection(ProjectConfigurationPlatforms) = postSolution
		{580CCA41-41F4-4801-9D2F-42E3E513E584}.Debug|Any CPU.ActiveCfg = Debug|Any CPU
		{580CCA41-41F4-4801-9D2F-42E3E513E584}.Debug|Any CPU.Build.0 = Debug|Any CPU
		{580CCA41-41F4-4801-9D2F-42E3E513E584}.Release|Any CPU.ActiveCfg = Release|Any CPU
		{580CCA41-41F4-4801-9D2F-42E3E513E584}.Release|Any CPU.Build.0 = Release|Any CPU
	EndGlobalSection
	GlobalSection(SolutionProperties) = preSolution
		HideSolutionNode = FALSE
	EndGlobalSection
	GlobalSection(ExtensibilityGlobals) = postSolution
		SolutionGuid = {1F1246A7-91FD-4AFC-90E4-62F42A4F234D}
	EndGlobalSection
EndGlobal
